// !$*UTF8*$!
{
	archiveVersion = 1;
	classes = {
	};
	objectVersion = 50;
	objects = {

/* Begin PBXBuildFile section */
		6CBFB9A5C482564F44A74370 /* Pods_API_Classes_Swift.framework in Frameworks */ = {isa = PBXBuildFile; fileRef = 2F5D94A10C58D347F49E6B55 /* Pods_API_Classes_Swift.framework */; };
		E8A43F3922965F6D0050D1B7 /* AppDelegate.swift in Sources */ = {isa = PBXBuildFile; fileRef = E8A43F3822965F6D0050D1B7 /* AppDelegate.swift */; };
		E8A43F3B22965F6D0050D1B7 /* ViewController.swift in Sources */ = {isa = PBXBuildFile; fileRef = E8A43F3A22965F6D0050D1B7 /* ViewController.swift */; };
		E8A43F3E22965F6D0050D1B7 /* Main.storyboard in Resources */ = {isa = PBXBuildFile; fileRef = E8A43F3C22965F6D0050D1B7 /* Main.storyboard */; };
		E8A43F4022965F950050D1B7 /* Assets.xcassets in Resources */ = {isa = PBXBuildFile; fileRef = E8A43F3F22965F950050D1B7 /* Assets.xcassets */; };
		E8A43F4322965F950050D1B7 /* LaunchScreen.storyboard in Resources */ = {isa = PBXBuildFile; fileRef = E8A43F4122965F950050D1B7 /* LaunchScreen.storyboard */; };
		E8A43F4C229662F70050D1B7 /* WSClient.swift in Sources */ = {isa = PBXBuildFile; fileRef = E8A43F4B229662F70050D1B7 /* WSClient.swift */; };
/* End PBXBuildFile section */

/* Begin PBXFileReference section */
		10B7502AD4E1CD922E4E0DCB /* Pods-API_Classes_Swift.debug.xcconfig */ = {isa = PBXFileReference; includeInIndex = 1; lastKnownFileType = text.xcconfig; name = "Pods-API_Classes_Swift.debug.xcconfig"; path = "Pods/Target Support Files/Pods-API_Classes_Swift/Pods-API_Classes_Swift.debug.xcconfig"; sourceTree = "<group>"; };
		2F5D94A10C58D347F49E6B55 /* Pods_API_Classes_Swift.framework */ = {isa = PBXFileReference; explicitFileType = wrapper.framework; includeInIndex = 0; path = Pods_API_Classes_Swift.framework; sourceTree = BUILT_PRODUCTS_DIR; };
		61E74BB4BC288EBE573AF885 /* Pods-API_Classes_Swift.release.xcconfig */ = {isa = PBXFileReference; includeInIndex = 1; lastKnownFileType = text.xcconfig; name = "Pods-API_Classes_Swift.release.xcconfig"; path = "Pods/Target Support Files/Pods-API_Classes_Swift/Pods-API_Classes_Swift.release.xcconfig"; sourceTree = "<group>"; };
		E8A43F3522965F6C0050D1B7 /* API_Classes_Swift.app */ = {isa = PBXFileReference; explicitFileType = wrapper.application; includeInIndex = 0; path = API_Classes_Swift.app; sourceTree = BUILT_PRODUCTS_DIR; };
		E8A43F3822965F6D0050D1B7 /* AppDelegate.swift */ = {isa = PBXFileReference; lastKnownFileType = sourcecode.swift; path = AppDelegate.swift; sourceTree = "<group>"; };
		E8A43F3A22965F6D0050D1B7 /* ViewController.swift */ = {isa = PBXFileReference; lastKnownFileType = sourcecode.swift; path = ViewController.swift; sourceTree = "<group>"; };
		E8A43F3D22965F6D0050D1B7 /* Base */ = {isa = PBXFileReference; lastKnownFileType = file.storyboard; name = Base; path = Base.lproj/Main.storyboard; sourceTree = "<group>"; };
		E8A43F3F22965F950050D1B7 /* Assets.xcassets */ = {isa = PBXFileReference; lastKnownFileType = folder.assetcatalog; path = Assets.xcassets; sourceTree = "<group>"; };
		E8A43F4222965F950050D1B7 /* Base */ = {isa = PBXFileReference; lastKnownFileType = file.storyboard; name = Base; path = Base.lproj/LaunchScreen.storyboard; sourceTree = "<group>"; };
		E8A43F4422965F950050D1B7 /* Info.plist */ = {isa = PBXFileReference; lastKnownFileType = text.plist.xml; path = Info.plist; sourceTree = "<group>"; };
		E8A43F4B229662F70050D1B7 /* WSClient.swift */ = {isa = PBXFileReference; fileEncoding = 4; lastKnownFileType = sourcecode.swift; path = WSClient.swift; sourceTree = "<group>"; };
/* End PBXFileReference section */

/* Begin PBXFrameworksBuildPhase section */
		E8A43F3222965F6C0050D1B7 /* Frameworks */ = {
			isa = PBXFrameworksBuildPhase;
			buildActionMask = 2147483647;
			files = (
				6CBFB9A5C482564F44A74370 /* Pods_API_Classes_Swift.framework in Frameworks */,
			);
			runOnlyForDeploymentPostprocessing = 0;
		};
/* End PBXFrameworksBuildPhase section */

/* Begin PBXGroup section */
		174B6460A6B481651D81D438 /* Frameworks */ = {
			isa = PBXGroup;
			children = (
				2F5D94A10C58D347F49E6B55 /* Pods_API_Classes_Swift.framework */,
			);
			name = Frameworks;
			sourceTree = "<group>";
		};
		426500500D87345017BDC03A /* Pods */ = {
			isa = PBXGroup;
			children = (
				10B7502AD4E1CD922E4E0DCB /* Pods-API_Classes_Swift.debug.xcconfig */,
				61E74BB4BC288EBE573AF885 /* Pods-API_Classes_Swift.release.xcconfig */,
			);
			name = Pods;
			sourceTree = "<group>";
		};
		E8A43F2C22965F6C0050D1B7 = {
			isa = PBXGroup;
			children = (
				E8A43F3722965F6C0050D1B7 /* API_Classes_Swift */,
				E8A43F3622965F6C0050D1B7 /* Products */,
				426500500D87345017BDC03A /* Pods */,
				174B6460A6B481651D81D438 /* Frameworks */,
			);
			sourceTree = "<group>";
		};
		E8A43F3622965F6C0050D1B7 /* Products */ = {
			isa = PBXGroup;
			children = (
				E8A43F3522965F6C0050D1B7 /* API_Classes_Swift.app */,
			);
			name = Products;
			sourceTree = "<group>";
		};
		E8A43F3722965F6C0050D1B7 /* API_Classes_Swift */ = {
			isa = PBXGroup;
			children = (
				E8A43F4A229662F70050D1B7 /* WSClient */,
				E8A43F3822965F6D0050D1B7 /* AppDelegate.swift */,
				E8A43F3A22965F6D0050D1B7 /* ViewController.swift */,
				E8A43F3C22965F6D0050D1B7 /* Main.storyboard */,
				E8A43F3F22965F950050D1B7 /* Assets.xcassets */,
				E8A43F4122965F950050D1B7 /* LaunchScreen.storyboard */,
				E8A43F4422965F950050D1B7 /* Info.plist */,
			);
			path = API_Classes_Swift;
			sourceTree = "<group>";
		};
		E8A43F4A229662F70050D1B7 /* WSClient */ = {
			isa = PBXGroup;
			children = (
				E8A43F4B229662F70050D1B7 /* WSClient.swift */,
			);
			path = WSClient;
			sourceTree = "<group>";
		};
/* End PBXGroup section */

/* Begin PBXNativeTarget section */
		E8A43F3422965F6C0050D1B7 /* API_Classes_Swift */ = {
			isa = PBXNativeTarget;
			buildConfigurationList = E8A43F4722965F950050D1B7 /* Build configuration list for PBXNativeTarget "API_Classes_Swift" */;
			buildPhases = (
				BA1BED5BF5B2627D2EEE7E8F /* [CP] Check Pods Manifest.lock */,
				E8A43F3122965F6C0050D1B7 /* Sources */,
				E8A43F3222965F6C0050D1B7 /* Frameworks */,
				E8A43F3322965F6C0050D1B7 /* Resources */,
				E053969F26A96A4502A3FE1C /* [CP] Embed Pods Frameworks */,
			);
			buildRules = (
			);
			dependencies = (
			);
			name = API_Classes_Swift;
			productName = API_Classes_Swift;
			productReference = E8A43F3522965F6C0050D1B7 /* API_Classes_Swift.app */;
			productType = "com.apple.product-type.application";
		};
/* End PBXNativeTarget section */

/* Begin PBXProject section */
		E8A43F2D22965F6C0050D1B7 /* Project object */ = {
			isa = PBXProject;
			attributes = {
				LastSwiftUpdateCheck = 1010;
				LastUpgradeCheck = 1010;
				ORGANIZATIONNAME = Krunal;
				TargetAttributes = {
					E8A43F3422965F6C0050D1B7 = {
						CreatedOnToolsVersion = 10.1;
					};
				};
			};
			buildConfigurationList = E8A43F3022965F6C0050D1B7 /* Build configuration list for PBXProject "API_Classes_Swift" */;
			compatibilityVersion = "Xcode 9.3";
			developmentRegion = en;
			hasScannedForEncodings = 0;
			knownRegions = (
				en,
				Base,
			);
			mainGroup = E8A43F2C22965F6C0050D1B7;
			productRefGroup = E8A43F3622965F6C0050D1B7 /* Products */;
			projectDirPath = "";
			projectRoot = "";
			targets = (
				E8A43F3422965F6C0050D1B7 /* API_Classes_Swift */,
			);
		};
/* End PBXProject section */

/* Begin PBXResourcesBuildPhase section */
		E8A43F3322965F6C0050D1B7 /* Resources */ = {
			isa = PBXResourcesBuildPhase;
			buildActionMask = 2147483647;
			files = (
				E8A43F4322965F950050D1B7 /* LaunchScreen.storyboard in Resources */,
				E8A43F4022965F950050D1B7 /* Assets.xcassets in Resources */,
				E8A43F3E22965F6D0050D1B7 /* Main.storyboard in Resources */,
			);
			runOnlyForDeploymentPostprocessing = 0;
		};
/* End PBXResourcesBuildPhase section */

/* Begin PBXShellScriptBuildPhase section */
		BA1BED5BF5B2627D2EEE7E8F /* [CP] Check Pods Manifest.lock */ = {
			isa = PBXShellScriptBuildPhase;
			buildActionMask = 2147483647;
			files = (
			);
			inputPaths = (
				"${PODS_PODFILE_DIR_PATH}/Podfile.lock",
				"${PODS_ROOT}/Manifest.lock",
			);
			name = "[CP] Check Pods Manifest.lock";
			outputPaths = (
				"$(DERIVED_FILE_DIR)/Pods-API_Classes_Swift-checkManifestLockResult.txt",
			);
			runOnlyForDeploymentPostprocessing = 0;
			shellPath = /bin/sh;
			shellScript = "diff \"${PODS_PODFILE_DIR_PATH}/Podfile.lock\" \"${PODS_ROOT}/Manifest.lock\" > /dev/null\nif [ $? != 0 ] ; then\n    # print error to STDERR\n    echo \"error: The sandbox is not in sync with the Podfile.lock. Run 'pod install' or update your CocoaPods installation.\" >&2\n    exit 1\nfi\n# This output is used by Xcode 'outputs' to avoid re-running this script phase.\necho \"SUCCESS\" > \"${SCRIPT_OUTPUT_FILE_0}\"\n";
			showEnvVarsInLog = 0;
		};
		E053969F26A96A4502A3FE1C /* [CP] Embed Pods Frameworks */ = {
			isa = PBXShellScriptBuildPhase;
			buildActionMask = 2147483647;
			files = (
			);
			inputPaths = (
				"${SRCROOT}/Pods/Target Support Files/Pods-API_Classes_Swift/Pods-API_Classes_Swift-frameworks.sh",
				"${BUILT_PRODUCTS_DIR}/Alamofire/Alamofire.framework",
				"${BUILT_PRODUCTS_DIR}/AlamofireImage/AlamofireImage.framework",
				"${BUILT_PRODUCTS_DIR}/SVProgressHUD/SVProgressHUD.framework",
				"${BUILT_PRODUCTS_DIR}/TrustKit/TrustKit.framework",
			);
			name = "[CP] Embed Pods Frameworks";
			outputPaths = (
				"${TARGET_BUILD_DIR}/${FRAMEWORKS_FOLDER_PATH}/Alamofire.framework",
				"${TARGET_BUILD_DIR}/${FRAMEWORKS_FOLDER_PATH}/AlamofireImage.framework",
				"${TARGET_BUILD_DIR}/${FRAMEWORKS_FOLDER_PATH}/SVProgressHUD.framework",
				"${TARGET_BUILD_DIR}/${FRAMEWORKS_FOLDER_PATH}/TrustKit.framework",
			);
			runOnlyForDeploymentPostprocessing = 0;
			shellPath = /bin/sh;
			shellScript = "\"${SRCROOT}/Pods/Target Support Files/Pods-API_Classes_Swift/Pods-API_Classes_Swift-frameworks.sh\"\n";
			showEnvVarsInLog = 0;
		};
/* End PBXShellScriptBuildPhase section */

/* Begin PBXSourcesBuildPhase section */
		E8A43F3122965F6C0050D1B7 /* Sources */ = {
			isa = PBXSourcesBuildPhase;
			buildActionMask = 2147483647;
			files = (
				E8A43F3B22965F6D0050D1B7 /* ViewController.swift in Sources */,
				E8A43F3922965F6D0050D1B7 /* AppDelegate.swift in Sources */,
				E8A43F4C229662F70050D1B7 /* WSClient.swift in Sources */,
			);
			runOnlyForDeploymentPostprocessing = 0;
		};
/* End PBXSourcesBuildPhase section */

/* Begin PBXVariantGroup section */
		E8A43F3C22965F6D0050D1B7 /* Main.storyboard */ = {
			isa = PBXVariantGroup;
			children = (
				E8A43F3D22965F6D0050D1B7 /* Base */,
			);
			name = Main.storyboard;
			sourceTree = "<group>";
		};
		E8A43F4122965F950050D1B7 /* LaunchScreen.storyboard */ = {
			isa = PBXVariantGroup;
			children = (
				E8A43F4222965F950050D1B7 /* Base */,
			);
			name = LaunchScreen.storyboard;
			sourceTree = "<group>";
		};
/* End PBXVariantGroup section */

/* Begin XCBuildConfiguration section */
		E8A43F4522965F950050D1B7 /* Debug */ = {
			isa = XCBuildConfiguration;
			buildSettings = {
				ALWAYS_SEARCH_USER_PATHS = NO;
				CLANG_ANALYZER_NONNULL = YES;
				CLANG_ANALYZER_NUMBER_OBJECT_CONVERSION = YES_AGGRESSIVE;
				CLANG_CXX_LANGUAGE_STANDARD = "gnu++14";
				CLANG_CXX_LIBRARY = "libc++";
				CLANG_ENABLE_MODULES = YES;
				CLANG_ENABLE_OBJC_ARC = YES;
				CLANG_ENABLE_OBJC_WEAK = YES;
				CLANG_WARN_BLOCK_CAPTURE_AUTORELEASING = YES;
				CLANG_WARN_BOOL_CONVERSION = YES;
				CLANG_WARN_COMMA = YES;
				CLANG_WARN_CONSTANT_CONVERSION = YES;
				CLANG_WARN_DEPRECATED_OBJC_IMPLEMENTATIONS = YES;
				CLANG_WARN_DIRECT_OBJC_ISA_USAGE = YES_ERROR;
				CLANG_WARN_DOCUMENTATION_COMMENTS = YES;
				CLANG_WARN_EMPTY_BODY = YES;
				CLANG_WARN_ENUM_CONVERSION = YES;
				CLANG_WARN_INFINITE_RECURSION = YES;
				CLANG_WARN_INT_CONVERSION = YES;
				CLANG_WARN_NON_LITERAL_NULL_CONVERSION = YES;
				CLANG_WARN_OBJC_IMPLICIT_RETAIN_SELF = YES;
				CLANG_WARN_OBJC_LITERAL_CONVERSION = YES;
				CLANG_WARN_OBJC_ROOT_CLASS = YES_ERROR;
				CLANG_WARN_RANGE_LOOP_ANALYSIS = YES;
				CLANG_WARN_STRICT_PROTOTYPES = YES;
				CLANG_WARN_SUSPICIOUS_MOVE = YES;
				CLANG_WARN_UNGUARDED_AVAILABILITY = YES_AGGRESSIVE;
				CLANG_WARN_UNREACHABLE_CODE = YES;
				CLANG_WARN__DUPLICATE_METHOD_MATCH = YES;
				CODE_SIGN_IDENTITY = "iPhone Developer";
				COPY_PHASE_STRIP = NO;
				DEBUG_INFORMATION_FORMAT = dwarf;
				ENABLE_STRICT_OBJC_MSGSEND = YES;
				ENABLE_TESTABILITY = YES;
				GCC_C_LANGUAGE_STANDARD = gnu11;
				GCC_DYNAMIC_NO_PIC = NO;
				GCC_NO_COMMON_BLOCKS = YES;
				GCC_OPTIMIZATION_LEVEL = 0;
				GCC_PREPROCESSOR_DEFINITIONS = (
					"DEBUG=1",
					"$(inherited)",
				);
				GCC_WARN_64_TO_32_BIT_CONVERSION = YES;
				GCC_WARN_ABOUT_RETURN_TYPE = YES_ERROR;
				GCC_WARN_UNDECLARED_SELECTOR = YES;
				GCC_WARN_UNINITIALIZED_AUTOS = YES_AGGRESSIVE;
				GCC_WARN_UNUSED_FUNCTION = YES;
				GCC_WARN_UNUSED_VARIABLE = YES;
				IPHONEOS_DEPLOYMENT_TARGET = 12.1;
				MTL_ENABLE_DEBUG_INFO = INCLUDE_SOURCE;
				MTL_FAST_MATH = YES;
				ONLY_ACTIVE_ARCH = YES;
				SDKROOT = iphoneos;
				SWIFT_ACTIVE_COMPILATION_CONDITIONS = DEBUG;
				SWIFT_OPTIMIZATION_LEVEL = "-Onone";
			};
			name = Debug;
		};
		E8A43F4622965F950050D1B7 /* Release */ = {
			isa = XCBuildConfiguration;
			buildSettings = {
				ALWAYS_SEARCH_USER_PATHS = NO;
				CLANG_ANALYZER_NONNULL = YES;
				CLANG_ANALYZER_NUMBER_OBJECT_CONVERSION = YES_AGGRESSIVE;
				CLANG_CXX_LANGUAGE_STANDARD = "gnu++14";
				CLANG_CXX_LIBRARY = "libc++";
				CLANG_ENABLE_MODULES = YES;
				CLANG_ENABLE_OBJC_ARC = YES;
				CLANG_ENABLE_OBJC_WEAK = YES;
				CLANG_WARN_BLOCK_CAPTURE_AUTORELEASING = YES;
				CLANG_WARN_BOOL_CONVERSION = YES;
				CLANG_WARN_COMMA = YES;
				CLANG_WARN_CONSTANT_CONVERSION = YES;
				CLANG_WARN_DEPRECATED_OBJC_IMPLEMENTATIONS = YES;
				CLANG_WARN_DIRECT_OBJC_ISA_USAGE = YES_ERROR;
				CLANG_WARN_DOCUMENTATION_COMMENTS = YES;
				CLANG_WARN_EMPTY_BODY = YES;
				CLANG_WARN_ENUM_CONVERSION = YES;
				CLANG_WARN_INFINITE_RECURSION = YES;
				CLANG_WARN_INT_CONVERSION = YES;
				CLANG_WARN_NON_LITERAL_NULL_CONVERSION = YES;
				CLANG_WARN_OBJC_IMPLICIT_RETAIN_SELF = YES;
				CLANG_WARN_OBJC_LITERAL_CONVERSION = YES;
				CLANG_WARN_OBJC_ROOT_CLASS = YES_ERROR;
				CLANG_WARN_RANGE_LOOP_ANALYSIS = YES;
				CLANG_WARN_STRICT_PROTOTYPES = YES;
				CLANG_WARN_SUSPICIOUS_MOVE = YES;
				CLANG_WARN_UNGUARDED_AVAILABILITY = YES_AGGRESSIVE;
				CLANG_WARN_UNREACHABLE_CODE = YES;
				CLANG_WARN__DUPLICATE_METHOD_MATCH = YES;
				CODE_SIGN_IDENTITY = "iPhone Developer";
				COPY_PHASE_STRIP = NO;
				DEBUG_INFORMATION_FORMAT = "dwarf-with-dsym";
				ENABLE_NS_ASSERTIONS = NO;
				ENABLE_STRICT_OBJC_MSGSEND = YES;
				GCC_C_LANGUAGE_STANDARD = gnu11;
				GCC_NO_COMMON_BLOCKS = YES;
				GCC_WARN_64_TO_32_BIT_CONVERSION = YES;
				GCC_WARN_ABOUT_RETURN_TYPE = YES_ERROR;
				GCC_WARN_UNDECLARED_SELECTOR = YES;
				GCC_WARN_UNINITIALIZED_AUTOS = YES_AGGRESSIVE;
				GCC_WARN_UNUSED_FUNCTION = YES;
				GCC_WARN_UNUSED_VARIABLE = YES;
				IPHONEOS_DEPLOYMENT_TARGET = 12.1;
				MTL_ENABLE_DEBUG_INFO = NO;
				MTL_FAST_MATH = YES;
				SDKROOT = iphoneos;
				SWIFT_COMPILATION_MODE = wholemodule;
				SWIFT_OPTIMIZATION_LEVEL = "-O";
				VALIDATE_PRODUCT = YES;
			};
			name = Release;
		};
		E8A43F4822965F950050D1B7 /* Debug */ = {
			isa = XCBuildConfiguration;
			baseConfigurationReference = 10B7502AD4E1CD922E4E0DCB /* Pods-API_Classes_Swift.debug.xcconfig */;
			buildSettings = {
				ASSETCATALOG_COMPILER_APPICON_NAME = AppIcon;
				CODE_SIGN_STYLE = Automatic;
				INFOPLIST_FILE = API_Classes_Swift/Info.plist;
				LD_RUNPATH_SEARCH_PATHS = (
					"$(inherited)",
					"@executable_path/Frameworks",
				);
				PRODUCT_BUNDLE_IDENTIFIER = "com.mobile.API-Classes-Swift";
				PRODUCT_NAME = "$(TARGET_NAME)";
				SWIFT_VERSION = 4.2;
				TARGETED_DEVICE_FAMILY = "1,2";
			};
			name = Debug;
		};
		E8A43F4922965F950050D1B7 /* Release */ = {
			isa = XCBuildConfiguration;
			baseConfigurationReference = 61E74BB4BC288EBE573AF885 /* Pods-API_Classes_Swift.release.xcconfig */;
			buildSettings = {
				ASSETCATALOG_COMPILER_APPICON_NAME = AppIcon;
				CODE_SIGN_STYLE = Automatic;
				INFOPLIST_FILE = API_Classes_Swift/Info.plist;
				LD_RUNPATH_SEARCH_PATHS = (
					"$(inherited)",
					"@executable_path/Frameworks",
				);
				PRODUCT_BUNDLE_IDENTIFIER = "com.mobile.API-Classes-Swift";
				PRODUCT_NAME = "$(TARGET_NAME)";
				SWIFT_VERSION = 4.2;
				TARGETED_DEVICE_FAMILY = "1,2";
			};
			name = Release;
		};
/* End XCBuildConfiguration section */

/* Begin XCConfigurationList section */
		E8A43F3022965F6C0050D1B7 /* Build configuration list for PBXProject "API_Classes_Swift" */ = {
			isa = XCConfigurationList;
			buildConfigurations = (
				E8A43F4522965F950050D1B7 /* Debug */,
				E8A43F4622965F950050D1B7 /* Release */,
			);
			defaultConfigurationIsVisible = 0;
			defaultConfigurationName = Release;
		};
		E8A43F4722965F950050D1B7 /* Build configuration list for PBXNativeTarget "API_Classes_Swift" */ = {
			isa = XCConfigurationList;
			buildConfigurations = (
				E8A43F4822965F950050D1B7 /* Debug */,
				E8A43F4922965F950050D1B7 /* Release */,
			);
			defaultConfigurationIsVisible = 0;
			defaultConfigurationName = Release;
		};
/* End XCConfigurationList section */
	};
	rootObject = E8A43F2D22965F6C0050D1B7 /* Project object */;
}
